
Microsoft Visual Studio Solution File, Format Version 12.00
# Visual Studio Version 17
VisualStudioVersion = 17.4.33213.308
MinimumVisualStudioVersion = 10.0.40219.1
Project("{FAE04EC0-301F-11D3-BF4B-00C04F79EFBC}") = "BodyCare", "BodyCare\BodyCare.csproj", "{56310050-DF6F-4168-BDF8-9DB0BE584DE2}"
EndProject
Global
	GlobalSection(SolutionConfigurationPlatforms) = preSolution
		Debug|Any CPU = Debug|Any CPU
		Release|Any CPU = Release|Any CPU
	EndGlobalSection
	GlobalSection(ProjectConfigurationPlatforms) = postSolution
		{56310050-DF6F-4168-BDF8-9DB0BE584DE2}.Debug|Any CPU.ActiveCfg = Debug|Any CPU
		{56310050-DF6F-4168-BDF8-9DB0BE584DE2}.Debug|Any CPU.Build.0 = Debug|Any CPU
		{56310050-DF6F-4168-BDF8-9DB0BE584DE2}.Release|Any CPU.ActiveCfg = Release|Any CPU
		{56310050-DF6F-4168-BDF8-9DB0BE584DE2}.Release|Any CPU.Build.0 = Release|Any CPU
	EndGlobalSection
	GlobalSection(SolutionProperties) = preSolution
		HideSolutionNode = FALSE
	EndGlobalSection
	GlobalSection(ExtensibilityGlobals) = postSolution
		SolutionGuid = {31F8A16E-BEC3-47F1-9853-AECD4D8967B7}
	EndGlobalSection
EndGlobal
